
Microsoft Visual Studio Solution File, Format Version 12.00
# Visual Studio 15
VisualStudioVersion = 15.0.28307.168
MinimumVisualStudioVersion = 10.0.40219.1
Project("{FAE04EC0-301F-11D3-BF4B-00C04F79EFBC}") = "correctionCondition6", "correctionCondition6\correctionCondition6.csproj", "{6BBD9742-7BD9-4115-8792-113EF82F474B}"
EndProject
Global
	GlobalSection(SolutionConfigurationPlatforms) = preSolution
		Debug|Any CPU = Debug|Any CPU
		Release|Any CPU = Release|Any CPU
	EndGlobalSection
	GlobalSection(ProjectConfigurationPlatforms) = postSolution
		{6BBD9742-7BD9-4115-8792-113EF82F474B}.Debug|Any CPU.ActiveCfg = Debug|Any CPU
		{6BBD9742-7BD9-4115-8792-113EF82F474B}.Debug|Any CPU.Build.0 = Debug|Any CPU
		{6BBD9742-7BD9-4115-8792-113EF82F474B}.Release|Any CPU.ActiveCfg = Release|Any CPU
		{6BBD9742-7BD9-4115-8792-113EF82F474B}.Release|Any CPU.Build.0 = Release|Any CPU
	EndGlobalSection
	GlobalSection(SolutionProperties) = preSolution
		HideSolutionNode = FALSE
	EndGlobalSection
	GlobalSection(ExtensibilityGlobals) = postSolution
		SolutionGuid = {86B8B697-6CC5-4C64-B698-E12F788EA808}
	EndGlobalSection
EndGlobal
